
Microsoft Visual Studio Solution File, Format Version 12.00
# Visual Studio Version 16
VisualStudioVersion = 16.0.31313.79
MinimumVisualStudioVersion = 10.0.40219.1
Project("{FAE04EC0-301F-11D3-BF4B-00C04F79EFBC}") = "PolynomialInterpolationGrapher", "PolynomialInterpolationGrapher\PolynomialInterpolationGrapher.csproj", "{A29FF85B-F64B-4AD5-9FE4-22B73BA4BAB8}"
EndProject
Global
	GlobalSection(SolutionConfigurationPlatforms) = preSolution
		Debug|Any CPU = Debug|Any CPU
		Release|Any CPU = Release|Any CPU
	EndGlobalSection
	GlobalSection(ProjectConfigurationPlatforms) = postSolution
		{A29FF85B-F64B-4AD5-9FE4-22B73BA4BAB8}.Debug|Any CPU.ActiveCfg = Debug|Any CPU
		{A29FF85B-F64B-4AD5-9FE4-22B73BA4BAB8}.Debug|Any CPU.Build.0 = Debug|Any CPU
		{A29FF85B-F64B-4AD5-9FE4-22B73BA4BAB8}.Release|Any CPU.ActiveCfg = Release|Any CPU
		{A29FF85B-F64B-4AD5-9FE4-22B73BA4BAB8}.Release|Any CPU.Build.0 = Release|Any CPU
	EndGlobalSection
	GlobalSection(SolutionProperties) = preSolution
		HideSolutionNode = FALSE
	EndGlobalSection
	GlobalSection(ExtensibilityGlobals) = postSolution
		SolutionGuid = {0FE9E526-795F-4647-8718-487C1C8321E0}
	EndGlobalSection
EndGlobal
